// !$*UTF8*$!
{
	archiveVersion = 1;
	classes = {
	};
	objectVersion = 55;
	objects = {

/* Begin PBXBuildFile section */
		0D49050529533B630094ECCA /* OnboardingViewController.swift in Sources */ = {isa = PBXBuildFile; fileRef = 0D49050329533B630094ECCA /* OnboardingViewController.swift */; };
		0D49050629533B630094ECCA /* OnboardingViewController.xib in Resources */ = {isa = PBXBuildFile; fileRef = 0D49050429533B630094ECCA /* OnboardingViewController.xib */; };
		0D49050929533EDB0094ECCA /* OnboardingCollectionViewCell.swift in Sources */ = {isa = PBXBuildFile; fileRef = 0D49050729533EDB0094ECCA /* OnboardingCollectionViewCell.swift */; };
		0D49050A29533EDB0094ECCA /* OnboardingCollectionViewCell.xib in Resources */ = {isa = PBXBuildFile; fileRef = 0D49050829533EDB0094ECCA /* OnboardingCollectionViewCell.xib */; };
		0D49050C2953408C0094ECCA /* OnboardingModel.swift in Sources */ = {isa = PBXBuildFile; fileRef = 0D49050B2953408C0094ECCA /* OnboardingModel.swift */; };
		0D5C610529BF7AC400111CD3 /* SearchTextCollectionViewCell.swift in Sources */ = {isa = PBXBuildFile; fileRef = 0D5C610329BF7AC400111CD3 /* SearchTextCollectionViewCell.swift */; };
		0D5C610629BF7AC400111CD3 /* SearchTextCollectionViewCell.xib in Resources */ = {isa = PBXBuildFile; fileRef = 0D5C610429BF7AC400111CD3 /* SearchTextCollectionViewCell.xib */; };
		0D83ED3829BF15920000D760 /* PhotoCollectionViewCell.swift in Sources */ = {isa = PBXBuildFile; fileRef = 0D83ED3629BF15920000D760 /* PhotoCollectionViewCell.swift */; };
		0D83ED3929BF15920000D760 /* PhotoCollectionViewCell.xib in Resources */ = {isa = PBXBuildFile; fileRef = 0D83ED3729BF15920000D760 /* PhotoCollectionViewCell.xib */; };
		0D97F3FA29A79FB500530A89 /* SearchPhotosResponse.swift in Sources */ = {isa = PBXBuildFile; fileRef = 0D97F3F929A79FB500530A89 /* SearchPhotosResponse.swift */; };
		0D9C30EF295329F800CBD98A /* AppDelegate.swift in Sources */ = {isa = PBXBuildFile; fileRef = 0D9C30EE295329F800CBD98A /* AppDelegate.swift */; };
		0D9C30F1295329F800CBD98A /* SceneDelegate.swift in Sources */ = {isa = PBXBuildFile; fileRef = 0D9C30F0295329F800CBD98A /* SceneDelegate.swift */; };
		0D9C30F8295329F800CBD98A /* Assets.xcassets in Resources */ = {isa = PBXBuildFile; fileRef = 0D9C30F7295329F800CBD98A /* Assets.xcassets */; };
		0D9C30FB295329F800CBD98A /* LaunchScreen.storyboard in Resources */ = {isa = PBXBuildFile; fileRef = 0D9C30F9295329F800CBD98A /* LaunchScreen.storyboard */; };
		0DAFF2DC2965977000CB359D /* MainViewController.swift in Sources */ = {isa = PBXBuildFile; fileRef = 0DAFF2DA2965977000CB359D /* MainViewController.swift */; };
		0DAFF2DD2965977000CB359D /* MainViewController.xib in Resources */ = {isa = PBXBuildFile; fileRef = 0DAFF2DB2965977000CB359D /* MainViewController.xib */; };
		0DE72FDE29BF5B5400336CB3 /* ImageScrollViewController.swift in Sources */ = {isa = PBXBuildFile; fileRef = 0DE72FDC29BF5B5400336CB3 /* ImageScrollViewController.swift */; };
		0DE72FDF29BF5B5400336CB3 /* ImageScrollViewController.xib in Resources */ = {isa = PBXBuildFile; fileRef = 0DE72FDD29BF5B5400336CB3 /* ImageScrollViewController.xib */; };
/* End PBXBuildFile section */

/* Begin PBXFileReference section */
		0D49050329533B630094ECCA /* OnboardingViewController.swift */ = {isa = PBXFileReference; lastKnownFileType = sourcecode.swift; path = OnboardingViewController.swift; sourceTree = "<group>"; };
		0D49050429533B630094ECCA /* OnboardingViewController.xib */ = {isa = PBXFileReference; lastKnownFileType = file.xib; path = OnboardingViewController.xib; sourceTree = "<group>"; };
		0D49050729533EDB0094ECCA /* OnboardingCollectionViewCell.swift */ = {isa = PBXFileReference; lastKnownFileType = sourcecode.swift; path = OnboardingCollectionViewCell.swift; sourceTree = "<group>"; };
		0D49050829533EDB0094ECCA /* OnboardingCollectionViewCell.xib */ = {isa = PBXFileReference; lastKnownFileType = file.xib; path = OnboardingCollectionViewCell.xib; sourceTree = "<group>"; };
		0D49050B2953408C0094ECCA /* OnboardingModel.swift */ = {isa = PBXFileReference; lastKnownFileType = sourcecode.swift; path = OnboardingModel.swift; sourceTree = "<group>"; };
		0D5C610329BF7AC400111CD3 /* SearchTextCollectionViewCell.swift */ = {isa = PBXFileReference; lastKnownFileType = sourcecode.swift; path = SearchTextCollectionViewCell.swift; sourceTree = "<group>"; };
		0D5C610429BF7AC400111CD3 /* SearchTextCollectionViewCell.xib */ = {isa = PBXFileReference; lastKnownFileType = file.xib; path = SearchTextCollectionViewCell.xib; sourceTree = "<group>"; };
		0D83ED3629BF15920000D760 /* PhotoCollectionViewCell.swift */ = {isa = PBXFileReference; lastKnownFileType = sourcecode.swift; path = PhotoCollectionViewCell.swift; sourceTree = "<group>"; };
		0D83ED3729BF15920000D760 /* PhotoCollectionViewCell.xib */ = {isa = PBXFileReference; lastKnownFileType = file.xib; path = PhotoCollectionViewCell.xib; sourceTree = "<group>"; };
		0D97F3F929A79FB500530A89 /* SearchPhotosResponse.swift */ = {isa = PBXFileReference; lastKnownFileType = sourcecode.swift; path = SearchPhotosResponse.swift; sourceTree = "<group>"; };
		0D9C30EB295329F800CBD98A /* Pexels.app */ = {isa = PBXFileReference; explicitFileType = wrapper.application; includeInIndex = 0; path = Pexels.app; sourceTree = BUILT_PRODUCTS_DIR; };
		0D9C30EE295329F800CBD98A /* AppDelegate.swift */ = {isa = PBXFileReference; lastKnownFileType = sourcecode.swift; path = AppDelegate.swift; sourceTree = "<group>"; };
		0D9C30F0295329F800CBD98A /* SceneDelegate.swift */ = {isa = PBXFileReference; lastKnownFileType = sourcecode.swift; path = SceneDelegate.swift; sourceTree = "<group>"; };
		0D9C30F7295329F800CBD98A /* Assets.xcassets */ = {isa = PBXFileReference; lastKnownFileType = folder.assetcatalog; path = Assets.xcassets; sourceTree = "<group>"; };
		0D9C30FA295329F800CBD98A /* Base */ = {isa = PBXFileReference; lastKnownFileType = file.storyboard; name = Base; path = Base.lproj/LaunchScreen.storyboard; sourceTree = "<group>"; };
		0D9C30FC295329F800CBD98A /* Info.plist */ = {isa = PBXFileReference; lastKnownFileType = text.plist.xml; path = Info.plist; sourceTree = "<group>"; };
		0DAFF2DA2965977000CB359D /* MainViewController.swift */ = {isa = PBXFileReference; lastKnownFileType = sourcecode.swift; path = MainViewController.swift; sourceTree = "<group>"; };
		0DAFF2DB2965977000CB359D /* MainViewController.xib */ = {isa = PBXFileReference; lastKnownFileType = file.xib; path = MainViewController.xib; sourceTree = "<group>"; };
		0DE72FDC29BF5B5400336CB3 /* ImageScrollViewController.swift */ = {isa = PBXFileReference; lastKnownFileType = sourcecode.swift; path = ImageScrollViewController.swift; sourceTree = "<group>"; };
		0DE72FDD29BF5B5400336CB3 /* ImageScrollViewController.xib */ = {isa = PBXFileReference; lastKnownFileType = file.xib; path = ImageScrollViewController.xib; sourceTree = "<group>"; };
/* End PBXFileReference section */

/* Begin PBXFrameworksBuildPhase section */
		0D9C30E8295329F800CBD98A /* Frameworks */ = {
			isa = PBXFrameworksBuildPhase;
			buildActionMask = 2147483647;
			files = (
			);
			runOnlyForDeploymentPostprocessing = 0;
		};
/* End PBXFrameworksBuildPhase section */

/* Begin PBXGroup section */
		0D9C30E2295329F800CBD98A = {
			isa = PBXGroup;
			children = (
				0D9C30ED295329F800CBD98A /* Pexels */,
				0D9C30EC295329F800CBD98A /* Products */,
			);
			sourceTree = "<group>";
		};
		0D9C30EC295329F800CBD98A /* Products */ = {
			isa = PBXGroup;
			children = (
				0D9C30EB295329F800CBD98A /* Pexels.app */,
			);
			name = Products;
			sourceTree = "<group>";
		};
		0D9C30ED295329F800CBD98A /* Pexels */ = {
			isa = PBXGroup;
			children = (
				0D9C30EE295329F800CBD98A /* AppDelegate.swift */,
				0D9C30F0295329F800CBD98A /* SceneDelegate.swift */,
				0D9C30F7295329F800CBD98A /* Assets.xcassets */,
				0D9C30F9295329F800CBD98A /* LaunchScreen.storyboard */,
				0D9C30FC295329F800CBD98A /* Info.plist */,
				0D49050329533B630094ECCA /* OnboardingViewController.swift */,
				0D49050429533B630094ECCA /* OnboardingViewController.xib */,
				0D49050729533EDB0094ECCA /* OnboardingCollectionViewCell.swift */,
				0D49050829533EDB0094ECCA /* OnboardingCollectionViewCell.xib */,
				0D49050B2953408C0094ECCA /* OnboardingModel.swift */,
				0DAFF2DA2965977000CB359D /* MainViewController.swift */,
				0DAFF2DB2965977000CB359D /* MainViewController.xib */,
				0D97F3F929A79FB500530A89 /* SearchPhotosResponse.swift */,
				0D83ED3629BF15920000D760 /* PhotoCollectionViewCell.swift */,
				0D83ED3729BF15920000D760 /* PhotoCollectionViewCell.xib */,
				0DE72FDC29BF5B5400336CB3 /* ImageScrollViewController.swift */,
				0DE72FDD29BF5B5400336CB3 /* ImageScrollViewController.xib */,
				0D5C610329BF7AC400111CD3 /* SearchTextCollectionViewCell.swift */,
				0D5C610429BF7AC400111CD3 /* SearchTextCollectionViewCell.xib */,
			);
			path = Pexels;
			sourceTree = "<group>";
		};
/* End PBXGroup section */

/* Begin PBXNativeTarget section */
		0D9C30EA295329F800CBD98A /* Pexels */ = {
			isa = PBXNativeTarget;
			buildConfigurationList = 0D9C30FF295329F800CBD98A /* Build configuration list for PBXNativeTarget "Pexels" */;
			buildPhases = (
				0D9C30E7295329F800CBD98A /* Sources */,
				0D9C30E8295329F800CBD98A /* Frameworks */,
				0D9C30E9295329F800CBD98A /* Resources */,
			);
			buildRules = (
			);
			dependencies = (
			);
			name = Pexels;
			productName = Pexels;
			productReference = 0D9C30EB295329F800CBD98A /* Pexels.app */;
			productType = "com.apple.product-type.application";
		};
/* End PBXNativeTarget section */

/* Begin PBXProject section */
		0D9C30E3295329F800CBD98A /* Project object */ = {
			isa = PBXProject;
			attributes = {
				BuildIndependentTargetsInParallel = 1;
				LastSwiftUpdateCheck = 1400;
				LastUpgradeCheck = 1400;
				TargetAttributes = {
					0D9C30EA295329F800CBD98A = {
						CreatedOnToolsVersion = 14.0.1;
					};
				};
			};
			buildConfigurationList = 0D9C30E6295329F800CBD98A /* Build configuration list for PBXProject "Pexels" */;
			compatibilityVersion = "Xcode 13.0";
			developmentRegion = en;
			hasScannedForEncodings = 0;
			knownRegions = (
				en,
				Base,
			);
			mainGroup = 0D9C30E2295329F800CBD98A;
			productRefGroup = 0D9C30EC295329F800CBD98A /* Products */;
			projectDirPath = "";
			projectRoot = "";
			targets = (
				0D9C30EA295329F800CBD98A /* Pexels */,
			);
		};
/* End PBXProject section */

/* Begin PBXResourcesBuildPhase section */
		0D9C30E9295329F800CBD98A /* Resources */ = {
			isa = PBXResourcesBuildPhase;
			buildActionMask = 2147483647;
			files = (
				0DE72FDF29BF5B5400336CB3 /* ImageScrollViewController.xib in Resources */,
				0D9C30FB295329F800CBD98A /* LaunchScreen.storyboard in Resources */,
				0D9C30F8295329F800CBD98A /* Assets.xcassets in Resources */,
				0DAFF2DD2965977000CB359D /* MainViewController.xib in Resources */,
				0D83ED3929BF15920000D760 /* PhotoCollectionViewCell.xib in Resources */,
				0D49050A29533EDB0094ECCA /* OnboardingCollectionViewCell.xib in Resources */,
				0D5C610629BF7AC400111CD3 /* SearchTextCollectionViewCell.xib in Resources */,
				0D49050629533B630094ECCA /* OnboardingViewController.xib in Resources */,
			);
			runOnlyForDeploymentPostprocessing = 0;
		};
/* End PBXResourcesBuildPhase section */

/* Begin PBXSourcesBuildPhase section */
		0D9C30E7295329F800CBD98A /* Sources */ = {
			isa = PBXSourcesBuildPhase;
			buildActionMask = 2147483647;
			files = (
				0D9C30EF295329F800CBD98A /* AppDelegate.swift in Sources */,
				0D83ED3829BF15920000D760 /* PhotoCollectionViewCell.swift in Sources */,
				0DE72FDE29BF5B5400336CB3 /* ImageScrollViewController.swift in Sources */,
				0D49050C2953408C0094ECCA /* OnboardingModel.swift in Sources */,
				0D49050529533B630094ECCA /* OnboardingViewController.swift in Sources */,
				0DAFF2DC2965977000CB359D /* MainViewController.swift in Sources */,
				0D97F3FA29A79FB500530A89 /* SearchPhotosResponse.swift in Sources */,
				0D5C610529BF7AC400111CD3 /* SearchTextCollectionViewCell.swift in Sources */,
				0D9C30F1295329F800CBD98A /* SceneDelegate.swift in Sources */,
				0D49050929533EDB0094ECCA /* OnboardingCollectionViewCell.swift in Sources */,
			);
			runOnlyForDeploymentPostprocessing = 0;
		};
/* End PBXSourcesBuildPhase section */

/* Begin PBXVariantGroup section */
		0D9C30F9295329F800CBD98A /* LaunchScreen.storyboard */ = {
			isa = PBXVariantGroup;
			children = (
				0D9C30FA295329F800CBD98A /* Base */,
			);
			name = LaunchScreen.storyboard;
			sourceTree = "<group>";
		};
/* End PBXVariantGroup section */

/* Begin XCBuildConfiguration section */
		0D9C30FD295329F800CBD98A /* Debug */ = {
			isa = XCBuildConfiguration;
			buildSettings = {
				ALWAYS_SEARCH_USER_PATHS = NO;
				CLANG_ANALYZER_NONNULL = YES;
				CLANG_ANALYZER_NUMBER_OBJECT_CONVERSION = YES_AGGRESSIVE;
				CLANG_CXX_LANGUAGE_STANDARD = "gnu++20";
				CLANG_ENABLE_MODULES = YES;
				CLANG_ENABLE_OBJC_ARC = YES;
				CLANG_ENABLE_OBJC_WEAK = YES;
				CLANG_WARN_BLOCK_CAPTURE_AUTORELEASING = YES;
				CLANG_WARN_BOOL_CONVERSION = YES;
				CLANG_WARN_COMMA = YES;
				CLANG_WARN_CONSTANT_CONVERSION = YES;
				CLANG_WARN_DEPRECATED_OBJC_IMPLEMENTATIONS = YES;
				CLANG_WARN_DIRECT_OBJC_ISA_USAGE = YES_ERROR;
				CLANG_WARN_DOCUMENTATION_COMMENTS = YES;
				CLANG_WARN_EMPTY_BODY = YES;
				CLANG_WARN_ENUM_CONVERSION = YES;
				CLANG_WARN_INFINITE_RECURSION = YES;
				CLANG_WARN_INT_CONVERSION = YES;
				CLANG_WARN_NON_LITERAL_NULL_CONVERSION = YES;
				CLANG_WARN_OBJC_IMPLICIT_RETAIN_SELF = YES;
				CLANG_WARN_OBJC_LITERAL_CONVERSION = YES;
				CLANG_WARN_OBJC_ROOT_CLASS = YES_ERROR;
				CLANG_WARN_QUOTED_INCLUDE_IN_FRAMEWORK_HEADER = YES;
				CLANG_WARN_RANGE_LOOP_ANALYSIS = YES;
				CLANG_WARN_STRICT_PROTOTYPES = YES;
				CLANG_WARN_SUSPICIOUS_MOVE = YES;
				CLANG_WARN_UNGUARDED_AVAILABILITY = YES_AGGRESSIVE;
				CLANG_WARN_UNREACHABLE_CODE = YES;
				CLANG_WARN__DUPLICATE_METHOD_MATCH = YES;
				COPY_PHASE_STRIP = NO;
				DEBUG_INFORMATION_FORMAT = dwarf;
				ENABLE_STRICT_OBJC_MSGSEND = YES;
				ENABLE_TESTABILITY = YES;
				GCC_C_LANGUAGE_STANDARD = gnu11;
				GCC_DYNAMIC_NO_PIC = NO;
				GCC_NO_COMMON_BLOCKS = YES;
				GCC_OPTIMIZATION_LEVEL = 0;
				GCC_PREPROCESSOR_DEFINITIONS = (
					"DEBUG=1",
					"$(inherited)",
				);
				GCC_WARN_64_TO_32_BIT_CONVERSION = YES;
				GCC_WARN_ABOUT_RETURN_TYPE = YES_ERROR;
				GCC_WARN_UNDECLARED_SELECTOR = YES;
				GCC_WARN_UNINITIALIZED_AUTOS = YES_AGGRESSIVE;
				GCC_WARN_UNUSED_FUNCTION = YES;
				GCC_WARN_UNUSED_VARIABLE = YES;
				IPHONEOS_DEPLOYMENT_TARGET = 16.0;
				MTL_ENABLE_DEBUG_INFO = INCLUDE_SOURCE;
				MTL_FAST_MATH = YES;
				ONLY_ACTIVE_ARCH = YES;
				SDKROOT = iphoneos;
				SWIFT_ACTIVE_COMPILATION_CONDITIONS = DEBUG;
				SWIFT_OPTIMIZATION_LEVEL = "-Onone";
			};
			name = Debug;
		};
		0D9C30FE295329F800CBD98A /* Release */ = {
			isa = XCBuildConfiguration;
			buildSettings = {
				ALWAYS_SEARCH_USER_PATHS = NO;
				CLANG_ANALYZER_NONNULL = YES;
				CLANG_ANALYZER_NUMBER_OBJECT_CONVERSION = YES_AGGRESSIVE;
				CLANG_CXX_LANGUAGE_STANDARD = "gnu++20";
				CLANG_ENABLE_MODULES = YES;
				CLANG_ENABLE_OBJC_ARC = YES;
				CLANG_ENABLE_OBJC_WEAK = YES;
				CLANG_WARN_BLOCK_CAPTURE_AUTORELEASING = YES;
				CLANG_WARN_BOOL_CONVERSION = YES;
				CLANG_WARN_COMMA = YES;
				CLANG_WARN_CONSTANT_CONVERSION = YES;
				CLANG_WARN_DEPRECATED_OBJC_IMPLEMENTATIONS = YES;
				CLANG_WARN_DIRECT_OBJC_ISA_USAGE = YES_ERROR;
				CLANG_WARN_DOCUMENTATION_COMMENTS = YES;
				CLANG_WARN_EMPTY_BODY = YES;
				CLANG_WARN_ENUM_CONVERSION = YES;
				CLANG_WARN_INFINITE_RECURSION = YES;
				CLANG_WARN_INT_CONVERSION = YES;
				CLANG_WARN_NON_LITERAL_NULL_CONVERSION = YES;
				CLANG_WARN_OBJC_IMPLICIT_RETAIN_SELF = YES;
				CLANG_WARN_OBJC_LITERAL_CONVERSION = YES;
				CLANG_WARN_OBJC_ROOT_CLASS = YES_ERROR;
				CLANG_WARN_QUOTED_INCLUDE_IN_FRAMEWORK_HEADER = YES;
				CLANG_WARN_RANGE_LOOP_ANALYSIS = YES;
				CLANG_WARN_STRICT_PROTOTYPES = YES;
				CLANG_WARN_SUSPICIOUS_MOVE = YES;
				CLANG_WARN_UNGUARDED_AVAILABILITY = YES_AGGRESSIVE;
				CLANG_WARN_UNREACHABLE_CODE = YES;
				CLANG_WARN__DUPLICATE_METHOD_MATCH = YES;
				COPY_PHASE_STRIP = NO;
				DEBUG_INFORMATION_FORMAT = "dwarf-with-dsym";
				ENABLE_NS_ASSERTIONS = NO;
				ENABLE_STRICT_OBJC_MSGSEND = YES;
				GCC_C_LANGUAGE_STANDARD = gnu11;
				GCC_NO_COMMON_BLOCKS = YES;
				GCC_WARN_64_TO_32_BIT_CONVERSION = YES;
				GCC_WARN_ABOUT_RETURN_TYPE = YES_ERROR;
				GCC_WARN_UNDECLARED_SELECTOR = YES;
				GCC_WARN_UNINITIALIZED_AUTOS = YES_AGGRESSIVE;
				GCC_WARN_UNUSED_FUNCTION = YES;
				GCC_WARN_UNUSED_VARIABLE = YES;
				IPHONEOS_DEPLOYMENT_TARGET = 16.0;
				MTL_ENABLE_DEBUG_INFO = NO;
				MTL_FAST_MATH = YES;
				SDKROOT = iphoneos;
				SWIFT_COMPILATION_MODE = wholemodule;
				SWIFT_OPTIMIZATION_LEVEL = "-O";
				VALIDATE_PRODUCT = YES;
			};
			name = Release;
		};
		0D9C3100295329F800CBD98A /* Debug */ = {
			isa = XCBuildConfiguration;
			buildSettings = {
				ASSETCATALOG_COMPILER_APPICON_NAME = AppIcon;
				ASSETCATALOG_COMPILER_GLOBAL_ACCENT_COLOR_NAME = AccentColor;
				CODE_SIGN_STYLE = Automatic;
				CURRENT_PROJECT_VERSION = 1;
				GENERATE_INFOPLIST_FILE = YES;
				INFOPLIST_FILE = Pexels/Info.plist;
				INFOPLIST_KEY_UIApplicationSupportsIndirectInputEvents = YES;
				INFOPLIST_KEY_UILaunchStoryboardName = LaunchScreen;
				INFOPLIST_KEY_UISupportedInterfaceOrientations_iPad = "UIInterfaceOrientationPortrait UIInterfaceOrientationPortraitUpsideDown UIInterfaceOrientationLandscapeLeft UIInterfaceOrientationLandscapeRight";
				INFOPLIST_KEY_UISupportedInterfaceOrientations_iPhone = "UIInterfaceOrientationPortrait UIInterfaceOrientationLandscapeLeft UIInterfaceOrientationLandscapeRight";
				IPHONEOS_DEPLOYMENT_TARGET = 15.0;
				LD_RUNPATH_SEARCH_PATHS = (
					"$(inherited)",
					"@executable_path/Frameworks",
				);
				MARKETING_VERSION = 1.0;
				PRODUCT_BUNDLE_IDENTIFIER = com.pernebayev.Pexels;
				PRODUCT_NAME = "$(TARGET_NAME)";
				SWIFT_EMIT_LOC_STRINGS = YES;
				SWIFT_VERSION = 5.0;
				TARGETED_DEVICE_FAMILY = "1,2";
			};
			name = Debug;
		};
		0D9C3101295329F800CBD98A /* Release */ = {
			isa = XCBuildConfiguration;
			buildSettings = {
				ASSETCATALOG_COMPILER_APPICON_NAME = AppIcon;
				ASSETCATALOG_COMPILER_GLOBAL_ACCENT_COLOR_NAME = AccentColor;
				CODE_SIGN_STYLE = Automatic;
				CURRENT_PROJECT_VERSION = 1;
				GENERATE_INFOPLIST_FILE = YES;
				INFOPLIST_FILE = Pexels/Info.plist;
				INFOPLIST_KEY_UIApplicationSupportsIndirectInputEvents = YES;
				INFOPLIST_KEY_UILaunchStoryboardName = LaunchScreen;
				INFOPLIST_KEY_UISupportedInterfaceOrientations_iPad = "UIInterfaceOrientationPortrait UIInterfaceOrientationPortraitUpsideDown UIInterfaceOrientationLandscapeLeft UIInterfaceOrientationLandscapeRight";
				INFOPLIST_KEY_UISupportedInterfaceOrientations_iPhone = "UIInterfaceOrientationPortrait UIInterfaceOrientationLandscapeLeft UIInterfaceOrientationLandscapeRight";
				IPHONEOS_DEPLOYMENT_TARGET = 15.0;
				LD_RUNPATH_SEARCH_PATHS = (
					"$(inherited)",
					"@executable_path/Frameworks",
				);
				MARKETING_VERSION = 1.0;
				PRODUCT_BUNDLE_IDENTIFIER = com.pernebayev.Pexels;
				PRODUCT_NAME = "$(TARGET_NAME)";
				SWIFT_EMIT_LOC_STRINGS = YES;
				SWIFT_VERSION = 5.0;
				TARGETED_DEVICE_FAMILY = "1,2";
			};
			name = Release;
		};
/* End XCBuildConfiguration section */

/* Begin XCConfigurationList section */
		0D9C30E6295329F800CBD98A /* Build configuration list for PBXProject "Pexels" */ = {
			isa = XCConfigurationList;
			buildConfigurations = (
				0D9C30FD295329F800CBD98A /* Debug */,
				0D9C30FE295329F800CBD98A /* Release */,
			);
			defaultConfigurationIsVisible = 0;
			defaultConfigurationName = Release;
		};
		0D9C30FF295329F800CBD98A /* Build configuration list for PBXNativeTarget "Pexels" */ = {
			isa = XCConfigurationList;
			buildConfigurations = (
				0D9C3100295329F800CBD98A /* Debug */,
				0D9C3101295329F800CBD98A /* Release */,
			);
			defaultConfigurationIsVisible = 0;
			defaultConfigurationName = Release;
		};
/* End XCConfigurationList section */
	};
	rootObject = 0D9C30E3295329F800CBD98A /* Project object */;
}
